<?xml version="1.0" encoding="utf-8"?>
<Project ToolsVersion="4.0" xmlns="http://schemas.microsoft.com/developer/msbuild/2003">
  <ItemGroup>
    <Filter Include="Resource Files">
      <UniqueIdentifier>{67DA6AB6-F800-4c08-8B7A-83BB121AAD01}</UniqueIdentifier>
      <Extensions>rc;ico;cur;bmp;dlg;rc2;rct;bin;rgs;gif;jpg;jpeg;jpe;resx;tiff;tif;png;wav;mfcribbon-ms</Extensions>
    </Filter>
    <Filter Include="unit test">
      <UniqueIdentifier>{cd79f1bd-f609-40b3-a01a-5cb5daa175d3}</UniqueIdentifier>
    </Filter>
    <Filter Include="functional">
      <UniqueIdentifier>{c9be053d-18e8-41c8-ad91-52a0ddc1c4b9}</UniqueIdentifier>
    </Filter>
    <Filter Include="delegate">
      <UniqueIdentifier>{9cca89fe-4210-4a98-854a-6c279427dc76}</UniqueIdentifier>
    </Filter>
  </ItemGroup>
  <ItemGroup>
    <Text Include="ReadMe.txt">
      <Filter>Resource Files</Filter>
    </Text>
    <Text Include="record.md" />
  </ItemGroup>
  <ItemGroup>
    <ClInclude Include="targetver.h">
      <Filter>Resource Files</Filter>
    </ClInclude>
    <ClInclude Include="unit_test.h">
      <Filter>unit test</Filter>
    </ClInclude>
    <ClInclude Include="stdafx.h">
      <Filter>Resource Files</Filter>
    </ClInclude>
    <ClInclude Include="test_functional.h">
      <Filter>functional</Filter>
    </ClInclude>
    <ClInclude Include="test_delegate_pro.h">
      <Filter>delegate</Filter>
    </ClInclude>
    <ClInclude Include="test_delegate.h">
      <Filter>delegate</Filter>
    </ClInclude>
  </ItemGroup>
  <ItemGroup>
    <ClCompile Include="stdafx.cpp">
      <Filter>Resource Files</Filter>
    </ClCompile>
    <ClCompile Include="unit_test.cpp">
      <Filter>unit test</Filter>
    </ClCompile>
    <ClCompile Include="main_console.cpp" />
    <ClCompile Include="test_functional.cpp">
      <Filter>functional</Filter>
    </ClCompile>
    <ClCompile Include="test_delegate_pro.cpp">
      <Filter>delegate</Filter>
    </ClCompile>
    <ClCompile Include="test_delegate.cpp">
      <Filter>delegate</Filter>
    </ClCompile>
  </ItemGroup>
</Project>